
Microsoft Visual Studio Solution File, Format Version 12.00
# Visual Studio Version 17
VisualStudioVersion = 17.9.34622.214
MinimumVisualStudioVersion = 10.0.40219.1
Project("{9A19103F-16F7-4668-BE54-9A1E7A4F7556}") = "BikeAppApp", "BikeAppApp\BikeAppApp.csproj", "{7DDBE0C3-7F21-402E-ABBD-F210447C1825}"
EndProject
Project("{9A19103F-16F7-4668-BE54-9A1E7A4F7556}") = "BikeAppApp.Tests", "BikeAppApp.Tests\BikeAppApp.Tests.csproj", "{18B5D45C-6B41-493C-AA77-0157B18868A5}"
EndProject
Project("{FAE04EC0-301F-11D3-BF4B-00C04F79EFBC}") = "BikeAppApp.Api", "BikeAppApp.Api\BikeAppApp.Api.csproj", "{6B273A44-8DB8-4610-AF5E-B66340213908}"
EndProject
Project("{FAE04EC0-301F-11D3-BF4B-00C04F79EFBC}") = "BikeAppApp.Shared.Dtos", "BikeAppApp.Shared.Dtos\BikeAppApp.Shared.Dtos.csproj", "{F83FE088-A58F-48F7-9538-DC37E6932616}"
EndProject
Global
	GlobalSection(SolutionConfigurationPlatforms) = preSolution
		Debug|Any CPU = Debug|Any CPU
		Release|Any CPU = Release|Any CPU
	EndGlobalSection
	GlobalSection(ProjectConfigurationPlatforms) = postSolution
		{7DDBE0C3-7F21-402E-ABBD-F210447C1825}.Debug|Any CPU.ActiveCfg = Debug|Any CPU
		{7DDBE0C3-7F21-402E-ABBD-F210447C1825}.Debug|Any CPU.Build.0 = Debug|Any CPU
		{7DDBE0C3-7F21-402E-ABBD-F210447C1825}.Release|Any CPU.ActiveCfg = Release|Any CPU
		{7DDBE0C3-7F21-402E-ABBD-F210447C1825}.Release|Any CPU.Build.0 = Release|Any CPU
		{18B5D45C-6B41-493C-AA77-0157B18868A5}.Debug|Any CPU.ActiveCfg = Debug|Any CPU
		{18B5D45C-6B41-493C-AA77-0157B18868A5}.Debug|Any CPU.Build.0 = Debug|Any CPU
		{18B5D45C-6B41-493C-AA77-0157B18868A5}.Release|Any CPU.ActiveCfg = Release|Any CPU
		{18B5D45C-6B41-493C-AA77-0157B18868A5}.Release|Any CPU.Build.0 = Release|Any CPU
		{6B273A44-8DB8-4610-AF5E-B66340213908}.Debug|Any CPU.ActiveCfg = Debug|Any CPU
		{6B273A44-8DB8-4610-AF5E-B66340213908}.Debug|Any CPU.Build.0 = Debug|Any CPU
		{6B273A44-8DB8-4610-AF5E-B66340213908}.Release|Any CPU.ActiveCfg = Release|Any CPU
		{6B273A44-8DB8-4610-AF5E-B66340213908}.Release|Any CPU.Build.0 = Release|Any CPU
		{F83FE088-A58F-48F7-9538-DC37E6932616}.Debug|Any CPU.ActiveCfg = Debug|Any CPU
		{F83FE088-A58F-48F7-9538-DC37E6932616}.Debug|Any CPU.Build.0 = Debug|Any CPU
		{F83FE088-A58F-48F7-9538-DC37E6932616}.Release|Any CPU.ActiveCfg = Release|Any CPU
		{F83FE088-A58F-48F7-9538-DC37E6932616}.Release|Any CPU.Build.0 = Release|Any CPU
	EndGlobalSection
	GlobalSection(SolutionProperties) = preSolution
		HideSolutionNode = FALSE
	EndGlobalSection
	GlobalSection(ExtensibilityGlobals) = postSolution
		SolutionGuid = {30872C2D-8938-4411-97A5-1EEA698BC805}
	EndGlobalSection
EndGlobal
